
Microsoft Visual Studio Solution File, Format Version 12.00
# Visual Studio Version 17
VisualStudioVersion = 17.3.32929.385
MinimumVisualStudioVersion = 10.0.40219.1
Project("{FAE04EC0-301F-11D3-BF4B-00C04F79EFBC}") = "Face_ID_Test", "Face_ID_Test.csproj", "{00C2DABF-C7BE-4AD2-930B-86C95E524B55}"
EndProject
Global
	GlobalSection(SolutionConfigurationPlatforms) = preSolution
		Debug|Any CPU = Debug|Any CPU
		Debug|x64 = Debug|x64
		Debug|x86 = Debug|x86
		Release|Any CPU = Release|Any CPU
		Release|x64 = Release|x64
		Release|x86 = Release|x86
	EndGlobalSection
	GlobalSection(ProjectConfigurationPlatforms) = postSolution
		{00C2DABF-C7BE-4AD2-930B-86C95E524B55}.Debug|Any CPU.ActiveCfg = Debug|Any CPU
		{00C2DABF-C7BE-4AD2-930B-86C95E524B55}.Debug|Any CPU.Build.0 = Debug|Any CPU
		{00C2DABF-C7BE-4AD2-930B-86C95E524B55}.Debug|x64.ActiveCfg = Debug|x64
		{00C2DABF-C7BE-4AD2-930B-86C95E524B55}.Debug|x64.Build.0 = Debug|x64
		{00C2DABF-C7BE-4AD2-930B-86C95E524B55}.Debug|x86.ActiveCfg = Debug|x86
		{00C2DABF-C7BE-4AD2-930B-86C95E524B55}.Debug|x86.Build.0 = Debug|x86
		{00C2DABF-C7BE-4AD2-930B-86C95E524B55}.Release|Any CPU.ActiveCfg = Release|Any CPU
		{00C2DABF-C7BE-4AD2-930B-86C95E524B55}.Release|Any CPU.Build.0 = Release|Any CPU
		{00C2DABF-C7BE-4AD2-930B-86C95E524B55}.Release|x64.ActiveCfg = Release|x64
		{00C2DABF-C7BE-4AD2-930B-86C95E524B55}.Release|x64.Build.0 = Release|x64
		{00C2DABF-C7BE-4AD2-930B-86C95E524B55}.Release|x86.ActiveCfg = Release|x86
		{00C2DABF-C7BE-4AD2-930B-86C95E524B55}.Release|x86.Build.0 = Release|x86
	EndGlobalSection
	GlobalSection(SolutionProperties) = preSolution
		HideSolutionNode = FALSE
	EndGlobalSection
	GlobalSection(ExtensibilityGlobals) = postSolution
		SolutionGuid = {C095C0DA-21CF-4DBF-99A3-E11D3AB61B67}
	EndGlobalSection
EndGlobal
